{
  "name": "templates",
  "lockfileVersion": 2,
  "requires": true,
  "packages": {
    "": {
      "dependencies": {
        "-": "^0.0.1",
        "datatables.net": "^1.13.1",
        "dt": "^0.0.1"
      }
    },
    "node_modules/-": {
      "version": "0.0.1",
      "resolved": "https://registry.npmjs.org/-/-/--0.0.1.tgz",
      "integrity": "sha512-3HfneK3DGAm05fpyj20sT3apkNcvPpCuccOThOPdzz8sY7GgQGe0l93XH9bt+YzibcTIgUAIMoyVJI740RtgyQ=="
    },
    "node_modules/datatables.net": {
      "version": "1.13.1",
      "resolved": "https://registry.npmjs.org/datatables.net/-/datatables.net-1.13.1.tgz",
      "integrity": "sha512-cX5dDHsbVdLLYKsWOSE0MvuGUcV88zU5dZ/taK2puJV6F9Fw0CFsP3+U/kr+qpDSFOBLWISRyM4Q9wWWovPTNg==",
      "dependencies": {
        "jquery": ">=1.7"
      }
    },
    "node_modules/dt": {
      "version": "0.0.1",
      "resolved": "https://registry.npmjs.org/dt/-/dt-0.0.1.tgz",
      "integrity": "sha512-ZcSmaNoVVZ6phvJJD5n1qM2se4/V4J2DOH9Z9RITEFXV29lDUPXnTuecFb8uFLHTeuSzUkxKriud5SmpqP2bkg==",
      "engines": {
        "node": "*"
      }
    },
    "node_modules/jquery": {
      "version": "3.6.3",
      "resolved": "https://registry.npmjs.org/jquery/-/jquery-3.6.3.tgz",
      "integrity": "sha512-bZ5Sy3YzKo9Fyc8wH2iIQK4JImJ6R0GWI9kL1/k7Z91ZBNgkRXE6U0JfHIizZbort8ZunhSI3jw9I6253ahKfg=="
    }
  },
  "dependencies": {
    "-": {
      "version": "0.0.1",
      "resolved": "https://registry.npmjs.org/-/-/--0.0.1.tgz",
      "integrity": "sha512-3HfneK3DGAm05fpyj20sT3apkNcvPpCuccOThOPdzz8sY7GgQGe0l93XH9bt+YzibcTIgUAIMoyVJI740RtgyQ=="
    },
    "datatables.net": {
      "version": "1.13.1",
      "resolved": "https://registry.npmjs.org/datatables.net/-/datatables.net-1.13.1.tgz",
      "integrity": "sha512-cX5dDHsbVdLLYKsWOSE0MvuGUcV88zU5dZ/taK2puJV6F9Fw0CFsP3+U/kr+qpDSFOBLWISRyM4Q9wWWovPTNg==",
      "requires": {
        "jquery": ">=1.7"
      }
    },
    "dt": {
      "version": "0.0.1",
      "resolved": "https://registry.npmjs.org/dt/-/dt-0.0.1.tgz",
      "integrity": "sha512-ZcSmaNoVVZ6phvJJD5n1qM2se4/V4J2DOH9Z9RITEFXV29lDUPXnTuecFb8uFLHTeuSzUkxKriud5SmpqP2bkg=="
    },
    "jquery": {
      "version": "3.6.3",
      "resolved": "https://registry.npmjs.org/jquery/-/jquery-3.6.3.tgz",
      "integrity": "sha512-bZ5Sy3YzKo9Fyc8wH2iIQK4JImJ6R0GWI9kL1/k7Z91ZBNgkRXE6U0JfHIizZbort8ZunhSI3jw9I6253ahKfg=="
    }
  }
}
